
Microsoft Visual Studio Solution File, Format Version 12.00
# Visual Studio Version 16
VisualStudioVersion = 16.0.30523.141
MinimumVisualStudioVersion = 10.0.40219.1
Project("{8BC9CEB8-8B4A-11D0-8D11-00A0C91BC942}") = "7.9(skippart)", "7.9(skippart).vcxproj", "{A9F81C3C-23EA-4C7B-81F0-81E792126B4D}"
EndProject
Global
	GlobalSection(SolutionConfigurationPlatforms) = preSolution
		Debug|x64 = Debug|x64
		Debug|x86 = Debug|x86
		Release|x64 = Release|x64
		Release|x86 = Release|x86
	EndGlobalSection
	GlobalSection(ProjectConfigurationPlatforms) = postSolution
		{A9F81C3C-23EA-4C7B-81F0-81E792126B4D}.Debug|x64.ActiveCfg = Debug|x64
		{A9F81C3C-23EA-4C7B-81F0-81E792126B4D}.Debug|x64.Build.0 = Debug|x64
		{A9F81C3C-23EA-4C7B-81F0-81E792126B4D}.Debug|x86.ActiveCfg = Debug|Win32
		{A9F81C3C-23EA-4C7B-81F0-81E792126B4D}.Debug|x86.Build.0 = Debug|Win32
		{A9F81C3C-23EA-4C7B-81F0-81E792126B4D}.Release|x64.ActiveCfg = Release|x64
		{A9F81C3C-23EA-4C7B-81F0-81E792126B4D}.Release|x64.Build.0 = Release|x64
		{A9F81C3C-23EA-4C7B-81F0-81E792126B4D}.Release|x86.ActiveCfg = Release|Win32
		{A9F81C3C-23EA-4C7B-81F0-81E792126B4D}.Release|x86.Build.0 = Release|Win32
	EndGlobalSection
	GlobalSection(SolutionProperties) = preSolution
		HideSolutionNode = FALSE
	EndGlobalSection
	GlobalSection(ExtensibilityGlobals) = postSolution
		SolutionGuid = {6247BD16-9466-4DD7-9791-077876F5AA4C}
	EndGlobalSection
EndGlobal
