
Microsoft Visual Studio Solution File, Format Version 12.00
# Visual Studio Version 16
VisualStudioVersion = 16.0.30804.86
MinimumVisualStudioVersion = 10.0.40219.1
Project("{888888A0-9F3D-457C-B088-3A5042F75D52}") = "PythonApp1", "PythonApp1.pyproj", "{4DF01BA3-FBB5-441B-86AB-FE3769B56321}"
EndProject
Global
	GlobalSection(SolutionConfigurationPlatforms) = preSolution
		Debug|Any CPU = Debug|Any CPU
		Release|Any CPU = Release|Any CPU
	EndGlobalSection
	GlobalSection(ProjectConfigurationPlatforms) = postSolution
		{4DF01BA3-FBB5-441B-86AB-FE3769B56321}.Debug|Any CPU.ActiveCfg = Debug|Any CPU
		{4DF01BA3-FBB5-441B-86AB-FE3769B56321}.Release|Any CPU.ActiveCfg = Release|Any CPU
	EndGlobalSection
	GlobalSection(SolutionProperties) = preSolution
		HideSolutionNode = FALSE
	EndGlobalSection
	GlobalSection(ExtensibilityGlobals) = postSolution
		SolutionGuid = {73DB2C89-584F-4AC8-8631-7172844F69C4}
	EndGlobalSection
EndGlobal
