
Microsoft Visual Studio Solution File, Format Version 12.00
# Visual Studio Version 16
VisualStudioVersion = 16.0.30517.126
MinimumVisualStudioVersion = 10.0.40219.1
Project("{8BC9CEB8-8B4A-11D0-8D11-00A0C91BC942}") = "6.16编程练习(4)", "6.16编程练习(4).vcxproj", "{E1A1FE85-2CE9-4256-BCAA-0DE52C05D4D4}"
EndProject
Global
	GlobalSection(SolutionConfigurationPlatforms) = preSolution
		Debug|x64 = Debug|x64
		Debug|x86 = Debug|x86
		Release|x64 = Release|x64
		Release|x86 = Release|x86
	EndGlobalSection
	GlobalSection(ProjectConfigurationPlatforms) = postSolution
		{E1A1FE85-2CE9-4256-BCAA-0DE52C05D4D4}.Debug|x64.ActiveCfg = Debug|x64
		{E1A1FE85-2CE9-4256-BCAA-0DE52C05D4D4}.Debug|x64.Build.0 = Debug|x64
		{E1A1FE85-2CE9-4256-BCAA-0DE52C05D4D4}.Debug|x86.ActiveCfg = Debug|Win32
		{E1A1FE85-2CE9-4256-BCAA-0DE52C05D4D4}.Debug|x86.Build.0 = Debug|Win32
		{E1A1FE85-2CE9-4256-BCAA-0DE52C05D4D4}.Release|x64.ActiveCfg = Release|x64
		{E1A1FE85-2CE9-4256-BCAA-0DE52C05D4D4}.Release|x64.Build.0 = Release|x64
		{E1A1FE85-2CE9-4256-BCAA-0DE52C05D4D4}.Release|x86.ActiveCfg = Release|Win32
		{E1A1FE85-2CE9-4256-BCAA-0DE52C05D4D4}.Release|x86.Build.0 = Release|Win32
	EndGlobalSection
	GlobalSection(SolutionProperties) = preSolution
		HideSolutionNode = FALSE
	EndGlobalSection
	GlobalSection(ExtensibilityGlobals) = postSolution
		SolutionGuid = {704449CD-8253-48C0-ADE5-9112329E8CA7}
	EndGlobalSection
EndGlobal
