
Microsoft Visual Studio Solution File, Format Version 12.00
# Visual Studio Version 16
VisualStudioVersion = 16.0.30320.27
MinimumVisualStudioVersion = 10.0.40219.1
Project("{8BC9CEB8-8B4A-11D0-8D11-00A0C91BC942}") = "5.11编程练习(5)", "5.11编程练习(5).vcxproj", "{7D52F410-181D-48C8-A83A-1DAA1D16A678}"
EndProject
Global
	GlobalSection(SolutionConfigurationPlatforms) = preSolution
		Debug|x64 = Debug|x64
		Debug|x86 = Debug|x86
		Release|x64 = Release|x64
		Release|x86 = Release|x86
	EndGlobalSection
	GlobalSection(ProjectConfigurationPlatforms) = postSolution
		{7D52F410-181D-48C8-A83A-1DAA1D16A678}.Debug|x64.ActiveCfg = Debug|x64
		{7D52F410-181D-48C8-A83A-1DAA1D16A678}.Debug|x64.Build.0 = Debug|x64
		{7D52F410-181D-48C8-A83A-1DAA1D16A678}.Debug|x86.ActiveCfg = Debug|Win32
		{7D52F410-181D-48C8-A83A-1DAA1D16A678}.Debug|x86.Build.0 = Debug|Win32
		{7D52F410-181D-48C8-A83A-1DAA1D16A678}.Release|x64.ActiveCfg = Release|x64
		{7D52F410-181D-48C8-A83A-1DAA1D16A678}.Release|x64.Build.0 = Release|x64
		{7D52F410-181D-48C8-A83A-1DAA1D16A678}.Release|x86.ActiveCfg = Release|Win32
		{7D52F410-181D-48C8-A83A-1DAA1D16A678}.Release|x86.Build.0 = Release|Win32
	EndGlobalSection
	GlobalSection(SolutionProperties) = preSolution
		HideSolutionNode = FALSE
	EndGlobalSection
	GlobalSection(ExtensibilityGlobals) = postSolution
		SolutionGuid = {3C0E3295-1EC1-4257-BE5E-21538F9F5080}
	EndGlobalSection
EndGlobal
