
Microsoft Visual Studio Solution File, Format Version 12.00
# Visual Studio Version 16
VisualStudioVersion = 16.0.29806.167
MinimumVisualStudioVersion = 10.0.40219.1
Project("{8BC9CEB8-8B4A-11D0-8D11-00A0C91BC942}") = "整数排列（从小到大）", "整数排列（从小到大）.vcxproj", "{237F59F0-3F00-4202-904E-9A6C81A1215D}"
EndProject
Global
	GlobalSection(SolutionConfigurationPlatforms) = preSolution
		Debug|x64 = Debug|x64
		Debug|x86 = Debug|x86
		Release|x64 = Release|x64
		Release|x86 = Release|x86
	EndGlobalSection
	GlobalSection(ProjectConfigurationPlatforms) = postSolution
		{237F59F0-3F00-4202-904E-9A6C81A1215D}.Debug|x64.ActiveCfg = Debug|x64
		{237F59F0-3F00-4202-904E-9A6C81A1215D}.Debug|x64.Build.0 = Debug|x64
		{237F59F0-3F00-4202-904E-9A6C81A1215D}.Debug|x86.ActiveCfg = Debug|Win32
		{237F59F0-3F00-4202-904E-9A6C81A1215D}.Debug|x86.Build.0 = Debug|Win32
		{237F59F0-3F00-4202-904E-9A6C81A1215D}.Release|x64.ActiveCfg = Release|x64
		{237F59F0-3F00-4202-904E-9A6C81A1215D}.Release|x64.Build.0 = Release|x64
		{237F59F0-3F00-4202-904E-9A6C81A1215D}.Release|x86.ActiveCfg = Release|Win32
		{237F59F0-3F00-4202-904E-9A6C81A1215D}.Release|x86.Build.0 = Release|Win32
	EndGlobalSection
	GlobalSection(SolutionProperties) = preSolution
		HideSolutionNode = FALSE
	EndGlobalSection
	GlobalSection(ExtensibilityGlobals) = postSolution
		SolutionGuid = {EEC98C1B-83D0-44E8-960E-D6F50B866509}
	EndGlobalSection
EndGlobal
