
Microsoft Visual Studio Solution File, Format Version 12.00
# Visual Studio Version 16
VisualStudioVersion = 16.0.30320.27
MinimumVisualStudioVersion = 10.0.40219.1
Project("{8BC9CEB8-8B4A-11D0-8D11-00A0C91BC942}") = "6.8(trouble)误用=会导致无限循环", "6.8(trouble)误用=会导致无限循环.vcxproj", "{C38FF17F-0417-41D7-8030-73E3FE4A3EB0}"
EndProject
Global
	GlobalSection(SolutionConfigurationPlatforms) = preSolution
		Debug|x64 = Debug|x64
		Debug|x86 = Debug|x86
		Release|x64 = Release|x64
		Release|x86 = Release|x86
	EndGlobalSection
	GlobalSection(ProjectConfigurationPlatforms) = postSolution
		{C38FF17F-0417-41D7-8030-73E3FE4A3EB0}.Debug|x64.ActiveCfg = Debug|x64
		{C38FF17F-0417-41D7-8030-73E3FE4A3EB0}.Debug|x64.Build.0 = Debug|x64
		{C38FF17F-0417-41D7-8030-73E3FE4A3EB0}.Debug|x86.ActiveCfg = Debug|Win32
		{C38FF17F-0417-41D7-8030-73E3FE4A3EB0}.Debug|x86.Build.0 = Debug|Win32
		{C38FF17F-0417-41D7-8030-73E3FE4A3EB0}.Release|x64.ActiveCfg = Release|x64
		{C38FF17F-0417-41D7-8030-73E3FE4A3EB0}.Release|x64.Build.0 = Release|x64
		{C38FF17F-0417-41D7-8030-73E3FE4A3EB0}.Release|x86.ActiveCfg = Release|Win32
		{C38FF17F-0417-41D7-8030-73E3FE4A3EB0}.Release|x86.Build.0 = Release|Win32
	EndGlobalSection
	GlobalSection(SolutionProperties) = preSolution
		HideSolutionNode = FALSE
	EndGlobalSection
	GlobalSection(ExtensibilityGlobals) = postSolution
		SolutionGuid = {923F1B52-FB1E-4405-B453-92948811F24B}
	EndGlobalSection
EndGlobal
