
Microsoft Visual Studio Solution File, Format Version 12.00
# Visual Studio Version 16
VisualStudioVersion = 16.0.30002.166
MinimumVisualStudioVersion = 10.0.40219.1
Project("{8BC9CEB8-8B4A-11D0-8D11-00A0C91BC942}") = "4.3（praise2）", "4.3（praise2）.vcxproj", "{CBACDE43-B0F3-43F5-9233-EA3391824663}"
EndProject
Global
	GlobalSection(SolutionConfigurationPlatforms) = preSolution
		Debug|x64 = Debug|x64
		Debug|x86 = Debug|x86
		Release|x64 = Release|x64
		Release|x86 = Release|x86
	EndGlobalSection
	GlobalSection(ProjectConfigurationPlatforms) = postSolution
		{CBACDE43-B0F3-43F5-9233-EA3391824663}.Debug|x64.ActiveCfg = Debug|x64
		{CBACDE43-B0F3-43F5-9233-EA3391824663}.Debug|x64.Build.0 = Debug|x64
		{CBACDE43-B0F3-43F5-9233-EA3391824663}.Debug|x86.ActiveCfg = Debug|Win32
		{CBACDE43-B0F3-43F5-9233-EA3391824663}.Debug|x86.Build.0 = Debug|Win32
		{CBACDE43-B0F3-43F5-9233-EA3391824663}.Release|x64.ActiveCfg = Release|x64
		{CBACDE43-B0F3-43F5-9233-EA3391824663}.Release|x64.Build.0 = Release|x64
		{CBACDE43-B0F3-43F5-9233-EA3391824663}.Release|x86.ActiveCfg = Release|Win32
		{CBACDE43-B0F3-43F5-9233-EA3391824663}.Release|x86.Build.0 = Release|Win32
	EndGlobalSection
	GlobalSection(SolutionProperties) = preSolution
		HideSolutionNode = FALSE
	EndGlobalSection
	GlobalSection(ExtensibilityGlobals) = postSolution
		SolutionGuid = {D7734CCE-ED92-4A81-A554-057B5D3391DB}
	EndGlobalSection
EndGlobal
