
Microsoft Visual Studio Solution File, Format Version 12.00
# Visual Studio Version 16
VisualStudioVersion = 16.0.30523.141
MinimumVisualStudioVersion = 10.0.40219.1
Project("{8BC9CEB8-8B4A-11D0-8D11-00A0C91BC942}") = "7.5(divisors)使用嵌套if语句显示一个数的约数", "7.5(divisors)使用嵌套if语句显示一个数的约数.vcxproj", "{A83B7EB6-69D8-4E71-A897-CFE6C4ADFB15}"
EndProject
Global
	GlobalSection(SolutionConfigurationPlatforms) = preSolution
		Debug|x64 = Debug|x64
		Debug|x86 = Debug|x86
		Release|x64 = Release|x64
		Release|x86 = Release|x86
	EndGlobalSection
	GlobalSection(ProjectConfigurationPlatforms) = postSolution
		{A83B7EB6-69D8-4E71-A897-CFE6C4ADFB15}.Debug|x64.ActiveCfg = Debug|x64
		{A83B7EB6-69D8-4E71-A897-CFE6C4ADFB15}.Debug|x64.Build.0 = Debug|x64
		{A83B7EB6-69D8-4E71-A897-CFE6C4ADFB15}.Debug|x86.ActiveCfg = Debug|Win32
		{A83B7EB6-69D8-4E71-A897-CFE6C4ADFB15}.Debug|x86.Build.0 = Debug|Win32
		{A83B7EB6-69D8-4E71-A897-CFE6C4ADFB15}.Release|x64.ActiveCfg = Release|x64
		{A83B7EB6-69D8-4E71-A897-CFE6C4ADFB15}.Release|x64.Build.0 = Release|x64
		{A83B7EB6-69D8-4E71-A897-CFE6C4ADFB15}.Release|x86.ActiveCfg = Release|Win32
		{A83B7EB6-69D8-4E71-A897-CFE6C4ADFB15}.Release|x86.Build.0 = Release|Win32
	EndGlobalSection
	GlobalSection(SolutionProperties) = preSolution
		HideSolutionNode = FALSE
	EndGlobalSection
	GlobalSection(ExtensibilityGlobals) = postSolution
		SolutionGuid = {E7655A4F-2CF9-472B-A814-110B13B2D444}
	EndGlobalSection
EndGlobal
