
Microsoft Visual Studio Solution File, Format Version 12.00
# Visual Studio Version 16
VisualStudioVersion = 16.0.30517.126
MinimumVisualStudioVersion = 10.0.40219.1
Project("{8BC9CEB8-8B4A-11D0-8D11-00A0C91BC942}") = "6.15.8.a假设用户输入的是Go west,young man!,下面各程序的输出是什么？(在ASCII码中，！紧跟在空格字符后面）", "6.15.8.a假设用户输入的是Go west,young man!,下面各程序的输出是什么？(在ASCII码中，！紧跟在空格字符后面）.vcxproj", "{D62BCB90-C75F-40C2-ADC8-747F0EA23FA7}"
EndProject
Global
	GlobalSection(SolutionConfigurationPlatforms) = preSolution
		Debug|x64 = Debug|x64
		Debug|x86 = Debug|x86
		Release|x64 = Release|x64
		Release|x86 = Release|x86
	EndGlobalSection
	GlobalSection(ProjectConfigurationPlatforms) = postSolution
		{D62BCB90-C75F-40C2-ADC8-747F0EA23FA7}.Debug|x64.ActiveCfg = Debug|x64
		{D62BCB90-C75F-40C2-ADC8-747F0EA23FA7}.Debug|x64.Build.0 = Debug|x64
		{D62BCB90-C75F-40C2-ADC8-747F0EA23FA7}.Debug|x86.ActiveCfg = Debug|Win32
		{D62BCB90-C75F-40C2-ADC8-747F0EA23FA7}.Debug|x86.Build.0 = Debug|Win32
		{D62BCB90-C75F-40C2-ADC8-747F0EA23FA7}.Release|x64.ActiveCfg = Release|x64
		{D62BCB90-C75F-40C2-ADC8-747F0EA23FA7}.Release|x64.Build.0 = Release|x64
		{D62BCB90-C75F-40C2-ADC8-747F0EA23FA7}.Release|x86.ActiveCfg = Release|Win32
		{D62BCB90-C75F-40C2-ADC8-747F0EA23FA7}.Release|x86.Build.0 = Release|Win32
	EndGlobalSection
	GlobalSection(SolutionProperties) = preSolution
		HideSolutionNode = FALSE
	EndGlobalSection
	GlobalSection(ExtensibilityGlobals) = postSolution
		SolutionGuid = {215A09BF-9FB6-49F2-A1CC-12A4A93B5C7E}
	EndGlobalSection
EndGlobal
