
Microsoft Visual Studio Solution File, Format Version 12.00
# Visual Studio Version 16
VisualStudioVersion = 16.0.30320.27
MinimumVisualStudioVersion = 10.0.40219.1
Project("{8BC9CEB8-8B4A-11D0-8D11-00A0C91BC942}") = "6.13(postage)一类邮资", "6.13(postage)一类邮资.vcxproj", "{F528094B-02E9-487E-AD79-78D30A25F809}"
EndProject
Global
	GlobalSection(SolutionConfigurationPlatforms) = preSolution
		Debug|x64 = Debug|x64
		Debug|x86 = Debug|x86
		Release|x64 = Release|x64
		Release|x86 = Release|x86
	EndGlobalSection
	GlobalSection(ProjectConfigurationPlatforms) = postSolution
		{F528094B-02E9-487E-AD79-78D30A25F809}.Debug|x64.ActiveCfg = Debug|x64
		{F528094B-02E9-487E-AD79-78D30A25F809}.Debug|x64.Build.0 = Debug|x64
		{F528094B-02E9-487E-AD79-78D30A25F809}.Debug|x86.ActiveCfg = Debug|Win32
		{F528094B-02E9-487E-AD79-78D30A25F809}.Debug|x86.Build.0 = Debug|Win32
		{F528094B-02E9-487E-AD79-78D30A25F809}.Release|x64.ActiveCfg = Release|x64
		{F528094B-02E9-487E-AD79-78D30A25F809}.Release|x64.Build.0 = Release|x64
		{F528094B-02E9-487E-AD79-78D30A25F809}.Release|x86.ActiveCfg = Release|Win32
		{F528094B-02E9-487E-AD79-78D30A25F809}.Release|x86.Build.0 = Release|Win32
	EndGlobalSection
	GlobalSection(SolutionProperties) = preSolution
		HideSolutionNode = FALSE
	EndGlobalSection
	GlobalSection(ExtensibilityGlobals) = postSolution
		SolutionGuid = {73611624-E2CC-416D-AFB9-4797C94C73D4}
	EndGlobalSection
EndGlobal
