
Microsoft Visual Studio Solution File, Format Version 12.00
# Visual Studio Version 16
VisualStudioVersion = 16.0.29920.165
MinimumVisualStudioVersion = 10.0.40219.1
Project("{8BC9CEB8-8B4A-11D0-8D11-00A0C91BC942}") = "nogood程序", "nogood程序.vcxproj", "{64045D5B-FD17-4D13-8730-D2DECFFBA6E2}"
EndProject
Global
	GlobalSection(SolutionConfigurationPlatforms) = preSolution
		Debug|x64 = Debug|x64
		Debug|x86 = Debug|x86
		Release|x64 = Release|x64
		Release|x86 = Release|x86
	EndGlobalSection
	GlobalSection(ProjectConfigurationPlatforms) = postSolution
		{64045D5B-FD17-4D13-8730-D2DECFFBA6E2}.Debug|x64.ActiveCfg = Debug|x64
		{64045D5B-FD17-4D13-8730-D2DECFFBA6E2}.Debug|x64.Build.0 = Debug|x64
		{64045D5B-FD17-4D13-8730-D2DECFFBA6E2}.Debug|x86.ActiveCfg = Debug|Win32
		{64045D5B-FD17-4D13-8730-D2DECFFBA6E2}.Debug|x86.Build.0 = Debug|Win32
		{64045D5B-FD17-4D13-8730-D2DECFFBA6E2}.Release|x64.ActiveCfg = Release|x64
		{64045D5B-FD17-4D13-8730-D2DECFFBA6E2}.Release|x64.Build.0 = Release|x64
		{64045D5B-FD17-4D13-8730-D2DECFFBA6E2}.Release|x86.ActiveCfg = Release|Win32
		{64045D5B-FD17-4D13-8730-D2DECFFBA6E2}.Release|x86.Build.0 = Release|Win32
	EndGlobalSection
	GlobalSection(SolutionProperties) = preSolution
		HideSolutionNode = FALSE
	EndGlobalSection
	GlobalSection(ExtensibilityGlobals) = postSolution
		SolutionGuid = {E43E3006-9195-4273-8D46-8CD28F903086}
	EndGlobalSection
EndGlobal
